
Microsoft Visual Studio Solution File, Format Version 12.00
# Visual Studio Version 17
VisualStudioVersion = 17.9.34728.123
MinimumVisualStudioVersion = 10.0.40219.1
Project("{FAE04EC0-301F-11D3-BF4B-00C04F79EFBC}") = "TestApiJWT", "TestApiJWT\TestApiJWT.csproj", "{43A4821D-9469-4645-A69A-704CE388A22C}"
EndProject
Global
	GlobalSection(SolutionConfigurationPlatforms) = preSolution
		Debug|Any CPU = Debug|Any CPU
		Release|Any CPU = Release|Any CPU
	EndGlobalSection
	GlobalSection(ProjectConfigurationPlatforms) = postSolution
		{43A4821D-9469-4645-A69A-704CE388A22C}.Debug|Any CPU.ActiveCfg = Debug|Any CPU
		{43A4821D-9469-4645-A69A-704CE388A22C}.Debug|Any CPU.Build.0 = Debug|Any CPU
		{43A4821D-9469-4645-A69A-704CE388A22C}.Release|Any CPU.ActiveCfg = Release|Any CPU
		{43A4821D-9469-4645-A69A-704CE388A22C}.Release|Any CPU.Build.0 = Release|Any CPU
	EndGlobalSection
	GlobalSection(SolutionProperties) = preSolution
		HideSolutionNode = FALSE
	EndGlobalSection
	GlobalSection(ExtensibilityGlobals) = postSolution
		SolutionGuid = {129AFC53-D1A6-4DFE-BB7D-EAB97DDEF188}
	EndGlobalSection
EndGlobal
